
Microsoft Visual Studio Solution File, Format Version 12.00
# Visual Studio 14
VisualStudioVersion = 14.0.25123.0
MinimumVisualStudioVersion = 10.0.40219.1
Project("{FAE04EC0-301F-11D3-BF4B-00C04F79EFBC}") = "App.Api", "Application.Api\App.Api.csproj", "{C5C2A67C-9E7C-4620-B8CB-DE60548429B8}"
EndProject
Project("{FAE04EC0-301F-11D3-BF4B-00C04F79EFBC}") = "App.Common", "Application.Common\App.Common.csproj", "{FA3EAA76-30EC-41FD-B9B1-C46158B9E821}"
EndProject
Project("{FAE04EC0-301F-11D3-BF4B-00C04F79EFBC}") = "App.Service", "App.Service\App.Service.csproj", "{52B208EB-1196-4285-BFEF-9563BB6A9147}"
EndProject
Project("{FAE04EC0-301F-11D3-BF4B-00C04F79EFBC}") = "App.Service.Impl", "App.Service.Impl\App.Service.Impl.csproj", "{67B29BB8-6AEB-48EE-9328-A4199943FD6A}"
EndProject
Project("{2150E333-8FDC-42A3-9474-1A3956D46DE8}") = "Repository", "Repository", "{DB1CC090-CA49-41B0-BF9C-E5CC533F45C5}"
EndProject
Project("{FAE04EC0-301F-11D3-BF4B-00C04F79EFBC}") = "App.Repository", "App.Repository\App.Repository.csproj", "{44DB0641-EF31-4A87-BDE5-FB32A2B6A170}"
EndProject
Project("{FAE04EC0-301F-11D3-BF4B-00C04F79EFBC}") = "App.Entity", "App.Entity\App.Entity.csproj", "{75767A70-CD8B-4F27-AE4B-45BE7C3209AC}"
EndProject
Project("{FAE04EC0-301F-11D3-BF4B-00C04F79EFBC}") = "App.Repository.Impl", "App.Repository.Impl\App.Repository.Impl.csproj", "{C17CF1E1-9B4E-4B53-9493-D2F39EE31A45}"
EndProject
Project("{FAE04EC0-301F-11D3-BF4B-00C04F79EFBC}") = "App.Context", "App.Context\App.Context.csproj", "{31F025BA-25F0-45EE-907E-AFEF5B46E77D}"
EndProject
Project("{2150E333-8FDC-42A3-9474-1A3956D46DE8}") = "Service", "Service", "{C7159BE5-3670-4A32-A9A3-88247C136CCE}"
EndProject
Project("{2150E333-8FDC-42A3-9474-1A3956D46DE8}") = "Test", "Test", "{C63AC7C8-FC2D-47CE-AD6C-1612CAFEA11A}"
EndProject
Project("{FAE04EC0-301F-11D3-BF4B-00C04F79EFBC}") = "App.Test", "App.Test\App.Test.csproj", "{C381EA7A-B2D6-4190-97A2-3179E0D74731}"
EndProject
Project("{FAE04EC0-301F-11D3-BF4B-00C04F79EFBC}") = "App.Service.Test", "App.Service.Test\App.Service.Test.csproj", "{79004373-DCA6-4E4E-A554-8CF0D63E3CD7}"
EndProject
Project("{FAE04EC0-301F-11D3-BF4B-00C04F79EFBC}") = "App.UI.Test", "App.UI.Test\App.UI.Test.csproj", "{5C8D085F-8373-4795-898C-3DB7F868004B}"
EndProject
Project("{2150E333-8FDC-42A3-9474-1A3956D46DE8}") = "Common", "Common", "{A1DD6939-A375-4E4C-A091-B2413B988F4F}"
EndProject
Project("{FAE04EC0-301F-11D3-BF4B-00C04F79EFBC}") = "Application.Resources", "Application.Resources\Application.Resources.csproj", "{FA336D7D-AE3C-49E6-BCF2-81EA7F69CA8A}"
EndProject
Global
	GlobalSection(SolutionConfigurationPlatforms) = preSolution
		Debug|Any CPU = Debug|Any CPU
		Release|Any CPU = Release|Any CPU
	EndGlobalSection
	GlobalSection(ProjectConfigurationPlatforms) = postSolution
		{C5C2A67C-9E7C-4620-B8CB-DE60548429B8}.Debug|Any CPU.ActiveCfg = Debug|Any CPU
		{C5C2A67C-9E7C-4620-B8CB-DE60548429B8}.Debug|Any CPU.Build.0 = Debug|Any CPU
		{C5C2A67C-9E7C-4620-B8CB-DE60548429B8}.Release|Any CPU.ActiveCfg = Release|Any CPU
		{C5C2A67C-9E7C-4620-B8CB-DE60548429B8}.Release|Any CPU.Build.0 = Release|Any CPU
		{FA3EAA76-30EC-41FD-B9B1-C46158B9E821}.Debug|Any CPU.ActiveCfg = Debug|Any CPU
		{FA3EAA76-30EC-41FD-B9B1-C46158B9E821}.Debug|Any CPU.Build.0 = Debug|Any CPU
		{FA3EAA76-30EC-41FD-B9B1-C46158B9E821}.Release|Any CPU.ActiveCfg = Release|Any CPU
		{FA3EAA76-30EC-41FD-B9B1-C46158B9E821}.Release|Any CPU.Build.0 = Release|Any CPU
		{52B208EB-1196-4285-BFEF-9563BB6A9147}.Debug|Any CPU.ActiveCfg = Debug|Any CPU
		{52B208EB-1196-4285-BFEF-9563BB6A9147}.Debug|Any CPU.Build.0 = Debug|Any CPU
		{52B208EB-1196-4285-BFEF-9563BB6A9147}.Release|Any CPU.ActiveCfg = Release|Any CPU
		{52B208EB-1196-4285-BFEF-9563BB6A9147}.Release|Any CPU.Build.0 = Release|Any CPU
		{67B29BB8-6AEB-48EE-9328-A4199943FD6A}.Debug|Any CPU.ActiveCfg = Debug|Any CPU
		{67B29BB8-6AEB-48EE-9328-A4199943FD6A}.Debug|Any CPU.Build.0 = Debug|Any CPU
		{67B29BB8-6AEB-48EE-9328-A4199943FD6A}.Release|Any CPU.ActiveCfg = Release|Any CPU
		{67B29BB8-6AEB-48EE-9328-A4199943FD6A}.Release|Any CPU.Build.0 = Release|Any CPU
		{44DB0641-EF31-4A87-BDE5-FB32A2B6A170}.Debug|Any CPU.ActiveCfg = Debug|Any CPU
		{44DB0641-EF31-4A87-BDE5-FB32A2B6A170}.Debug|Any CPU.Build.0 = Debug|Any CPU
		{44DB0641-EF31-4A87-BDE5-FB32A2B6A170}.Release|Any CPU.ActiveCfg = Release|Any CPU
		{44DB0641-EF31-4A87-BDE5-FB32A2B6A170}.Release|Any CPU.Build.0 = Release|Any CPU
		{75767A70-CD8B-4F27-AE4B-45BE7C3209AC}.Debug|Any CPU.ActiveCfg = Debug|Any CPU
		{75767A70-CD8B-4F27-AE4B-45BE7C3209AC}.Debug|Any CPU.Build.0 = Debug|Any CPU
		{75767A70-CD8B-4F27-AE4B-45BE7C3209AC}.Release|Any CPU.ActiveCfg = Release|Any CPU
		{75767A70-CD8B-4F27-AE4B-45BE7C3209AC}.Release|Any CPU.Build.0 = Release|Any CPU
		{C17CF1E1-9B4E-4B53-9493-D2F39EE31A45}.Debug|Any CPU.ActiveCfg = Debug|Any CPU
		{C17CF1E1-9B4E-4B53-9493-D2F39EE31A45}.Debug|Any CPU.Build.0 = Debug|Any CPU
		{C17CF1E1-9B4E-4B53-9493-D2F39EE31A45}.Release|Any CPU.ActiveCfg = Release|Any CPU
		{C17CF1E1-9B4E-4B53-9493-D2F39EE31A45}.Release|Any CPU.Build.0 = Release|Any CPU
		{31F025BA-25F0-45EE-907E-AFEF5B46E77D}.Debug|Any CPU.ActiveCfg = Debug|Any CPU
		{31F025BA-25F0-45EE-907E-AFEF5B46E77D}.Debug|Any CPU.Build.0 = Debug|Any CPU
		{31F025BA-25F0-45EE-907E-AFEF5B46E77D}.Release|Any CPU.ActiveCfg = Release|Any CPU
		{31F025BA-25F0-45EE-907E-AFEF5B46E77D}.Release|Any CPU.Build.0 = Release|Any CPU
		{C381EA7A-B2D6-4190-97A2-3179E0D74731}.Debug|Any CPU.ActiveCfg = Debug|Any CPU
		{C381EA7A-B2D6-4190-97A2-3179E0D74731}.Debug|Any CPU.Build.0 = Debug|Any CPU
		{C381EA7A-B2D6-4190-97A2-3179E0D74731}.Release|Any CPU.ActiveCfg = Release|Any CPU
		{C381EA7A-B2D6-4190-97A2-3179E0D74731}.Release|Any CPU.Build.0 = Release|Any CPU
		{79004373-DCA6-4E4E-A554-8CF0D63E3CD7}.Debug|Any CPU.ActiveCfg = Debug|Any CPU
		{79004373-DCA6-4E4E-A554-8CF0D63E3CD7}.Debug|Any CPU.Build.0 = Debug|Any CPU
		{79004373-DCA6-4E4E-A554-8CF0D63E3CD7}.Release|Any CPU.ActiveCfg = Release|Any CPU
		{79004373-DCA6-4E4E-A554-8CF0D63E3CD7}.Release|Any CPU.Build.0 = Release|Any CPU
		{5C8D085F-8373-4795-898C-3DB7F868004B}.Debug|Any CPU.ActiveCfg = Debug|Any CPU
		{5C8D085F-8373-4795-898C-3DB7F868004B}.Debug|Any CPU.Build.0 = Debug|Any CPU
		{5C8D085F-8373-4795-898C-3DB7F868004B}.Release|Any CPU.ActiveCfg = Release|Any CPU
		{5C8D085F-8373-4795-898C-3DB7F868004B}.Release|Any CPU.Build.0 = Release|Any CPU
		{FA336D7D-AE3C-49E6-BCF2-81EA7F69CA8A}.Debug|Any CPU.ActiveCfg = Debug|Any CPU
		{FA336D7D-AE3C-49E6-BCF2-81EA7F69CA8A}.Debug|Any CPU.Build.0 = Debug|Any CPU
		{FA336D7D-AE3C-49E6-BCF2-81EA7F69CA8A}.Release|Any CPU.ActiveCfg = Release|Any CPU
		{FA336D7D-AE3C-49E6-BCF2-81EA7F69CA8A}.Release|Any CPU.Build.0 = Release|Any CPU
	EndGlobalSection
	GlobalSection(SolutionProperties) = preSolution
		HideSolutionNode = FALSE
	EndGlobalSection
	GlobalSection(NestedProjects) = preSolution
		{52B208EB-1196-4285-BFEF-9563BB6A9147} = {C7159BE5-3670-4A32-A9A3-88247C136CCE}
		{67B29BB8-6AEB-48EE-9328-A4199943FD6A} = {C7159BE5-3670-4A32-A9A3-88247C136CCE}
		{44DB0641-EF31-4A87-BDE5-FB32A2B6A170} = {DB1CC090-CA49-41B0-BF9C-E5CC533F45C5}
		{75767A70-CD8B-4F27-AE4B-45BE7C3209AC} = {DB1CC090-CA49-41B0-BF9C-E5CC533F45C5}
		{C17CF1E1-9B4E-4B53-9493-D2F39EE31A45} = {DB1CC090-CA49-41B0-BF9C-E5CC533F45C5}
		{31F025BA-25F0-45EE-907E-AFEF5B46E77D} = {DB1CC090-CA49-41B0-BF9C-E5CC533F45C5}
		{C381EA7A-B2D6-4190-97A2-3179E0D74731} = {C63AC7C8-FC2D-47CE-AD6C-1612CAFEA11A}
		{79004373-DCA6-4E4E-A554-8CF0D63E3CD7} = {C63AC7C8-FC2D-47CE-AD6C-1612CAFEA11A}
		{5C8D085F-8373-4795-898C-3DB7F868004B} = {C63AC7C8-FC2D-47CE-AD6C-1612CAFEA11A}
		{FA336D7D-AE3C-49E6-BCF2-81EA7F69CA8A} = {A1DD6939-A375-4E4C-A091-B2413B988F4F}
	EndGlobalSection
EndGlobal
